<?xml version="1.0" encoding="utf-8"?>
<Project ToolsVersion="4.0" xmlns="http://schemas.microsoft.com/developer/msbuild/2003">
  <ItemGroup>
    <Filter Include="Fichiers sources">
      <UniqueIdentifier>{4FC737F1-C7A5-4376-A066-2A32D752A2FF}</UniqueIdentifier>
      <Extensions>cpp;c;cc;cxx;c++;cppm;ixx;def;odl;idl;hpj;bat;asm;asmx</Extensions>
    </Filter>
    <Filter Include="Fichiers d%27en-tête">
      <UniqueIdentifier>{93995380-89BD-4b04-88EB-625FBE52EBFB}</UniqueIdentifier>
      <Extensions>h;hh;hpp;hxx;h++;hm;inl;inc;ipp;xsd</Extensions>
    </Filter>
    <Filter Include="Fichiers de ressources">
      <UniqueIdentifier>{67DA6AB6-F800-4c08-8B7A-83BB121AAD01}</UniqueIdentifier>
      <Extensions>rc;ico;cur;bmp;dlg;rc2;rct;bin;rgs;gif;jpg;jpeg;jpe;resx;tiff;tif;png;wav;mfcribbon-ms</Extensions>
    </Filter>
    <Filter Include="Fichiers d%27en-tête\Screens">
      <UniqueIdentifier>{d861edbb-987d-407f-9ce6-07ff6a936bf1}</UniqueIdentifier>
    </Filter>
    <Filter Include="Fichiers d%27en-tête\Core">
      <UniqueIdentifier>{edfd485b-5a07-4ce2-817e-dc4ae3d470bc}</UniqueIdentifier>
    </Filter>
    <Filter Include="Fichiers d%27en-tête\Libs">
      <UniqueIdentifier>{769e2a05-5532-4e98-b45b-73ba782abdbb}</UniqueIdentifier>
    </Filter>
  </ItemGroup>
  <ItemGroup>
    <ClCompile Include="Bank Project Practicing OOP.cpp">
      <Filter>Fichiers sources</Filter>
    </ClCompile>
  </ItemGroup>
  <ItemGroup>
    <ClInclude Include="clsMainScreen.h">
      <Filter>Fichiers d%27en-tête\Screens</Filter>
    </ClInclude>
    <ClInclude Include="clsScreen.h">
      <Filter>Fichiers d%27en-tête\Screens</Filter>
    </ClInclude>
    <ClInclude Include="clsClientListScreen.h">
      <Filter>Fichiers d%27en-tête\Screens</Filter>
    </ClInclude>
    <ClInclude Include="clsAddClientScreen.h">
      <Filter>Fichiers d%27en-tête\Screens</Filter>
    </ClInclude>
    <ClInclude Include="clsDeleteClientScreen.h">
      <Filter>Fichiers d%27en-tête\Screens</Filter>
    </ClInclude>
    <ClInclude Include="clsDepositScreen.h">
      <Filter>Fichiers d%27en-tête\Screens</Filter>
    </ClInclude>
    <ClInclude Include="clsTotalBalances.h">
      <Filter>Fichiers d%27en-tête\Screens</Filter>
    </ClInclude>
    <ClInclude Include="clsTransactionsScreen.h">
      <Filter>Fichiers d%27en-tête\Screens</Filter>
    </ClInclude>
    <ClInclude Include="clsUpdateClientScreen.h">
      <Filter>Fichiers d%27en-tête\Screens</Filter>
    </ClInclude>
    <ClInclude Include="clsWithdrowScreen.h">
      <Filter>Fichiers d%27en-tête\Screens</Filter>
    </ClInclude>
    <ClInclude Include="ManageUsersScreen.h">
      <Filter>Fichiers d%27en-tête\Screens</Filter>
    </ClInclude>
    <ClInclude Include="BankClient.h">
      <Filter>Fichiers d%27en-tête\Core</Filter>
    </ClInclude>
    <ClInclude Include="clsUser.h">
      <Filter>Fichiers d%27en-tête\Core</Filter>
    </ClInclude>
    <ClInclude Include="clsPerson.h">
      <Filter>Fichiers d%27en-tête\Core</Filter>
    </ClInclude>
    <ClInclude Include="clsDate.h">
      <Filter>Fichiers d%27en-tête\Libs</Filter>
    </ClInclude>
    <ClInclude Include="clsInputValidation.h">
      <Filter>Fichiers d%27en-tête\Libs</Filter>
    </ClInclude>
    <ClInclude Include="clsFindClient.h">
      <Filter>Fichiers d%27en-tête\Screens</Filter>
    </ClInclude>
    <ClInclude Include="clsPeriod.h">
      <Filter>Fichiers d%27en-tête\Libs</Filter>
    </ClInclude>
    <ClInclude Include="clsUtil.h">
      <Filter>Fichiers d%27en-tête\Libs</Filter>
    </ClInclude>
    <ClInclude Include="Strings.h">
      <Filter>Fichiers d%27en-tête\Libs</Filter>
    </ClInclude>
    <ClInclude Include="clsUserListScreen.h">
      <Filter>Fichiers d%27en-tête\Screens</Filter>
    </ClInclude>
    <ClInclude Include="clsAddUserScreen.h">
      <Filter>Fichiers d%27en-tête\Screens</Filter>
    </ClInclude>
    <ClInclude Include="clsDeleteUserScrenn.h">
      <Filter>Fichiers d%27en-tête\Screens</Filter>
    </ClInclude>
    <ClInclude Include="clsUserUpdateScreen.h">
      <Filter>Fichiers d%27en-tête\Screens</Filter>
    </ClInclude>
    <ClInclude Include="clsFindUserScree.h">
      <Filter>Fichiers d%27en-tête\Screens</Filter>
    </ClInclude>
    <ClInclude Include="clsLoginScreen.h">
      <Filter>Fichiers d%27en-tête\Screens</Filter>
    </ClInclude>
    <ClInclude Include="Global.h">
      <Filter>Fichiers d%27en-tête\Core</Filter>
    </ClInclude>
    <ClInclude Include="clsLoginRegisterListScreen.h">
      <Filter>Fichiers d%27en-tête\Screens</Filter>
    </ClInclude>
    <ClInclude Include="clsTransferScreen.h">
      <Filter>Fichiers d%27en-tête\Screens</Filter>
    </ClInclude>
    <ClInclude Include="InterfaceCommunication.h">
      <Filter>Fichiers d%27en-tête\Core</Filter>
    </ClInclude>
    <ClInclude Include="clsCurrency.h">
      <Filter>Fichiers d%27en-tête\Core</Filter>
    </ClInclude>
    <ClInclude Include="clsTransferLogList.h">
      <Filter>Fichiers d%27en-tête\Screens</Filter>
    </ClInclude>
    <ClInclude Include="clsCurrencyMainScreen.h">
      <Filter>Fichiers d%27en-tête</Filter>
    </ClInclude>
    <ClInclude Include="clsCurrencyListScreen.h">
      <Filter>Fichiers d%27en-tête</Filter>
    </ClInclude>
  </ItemGroup>
</Project>